
Microsoft Visual Studio Solution File, Format Version 12.00
# Visual Studio Version 17
VisualStudioVersion = 17.12.35728.132
MinimumVisualStudioVersion = 10.0.40219.1
Project("{FAE04EC0-301F-11D3-BF4B-00C04F79EFBC}") = "CityManager.WebAPI", "CityManager.WebAPI\CityManager.WebAPI.csproj", "{87B6CF1A-3DBF-4A64-9708-AF0478ADEB94}"
EndProject
Project("{2150E333-8FDC-42A3-9474-1A3956D46DE8}") = "Src", "Src", "{4F686170-EA89-4E77-A300-2430338C9B9E}"
EndProject
Project("{FAE04EC0-301F-11D3-BF4B-00C04F79EFBC}") = "CitiesManager.Core", "CitiesManager.Core\CitiesManager.Core.csproj", "{99C7B16B-4791-45A8-BC73-804C22CB2CF2}"
EndProject
Project("{FAE04EC0-301F-11D3-BF4B-00C04F79EFBC}") = "CityManager.Infrastructure", "CityManager.Infrastructure\CityManager.Infrastructure.csproj", "{A650FD24-91B7-4B9F-A9B3-63BCCF37CA0A}"
EndProject
Global
	GlobalSection(SolutionConfigurationPlatforms) = preSolution
		Debug|Any CPU = Debug|Any CPU
		Release|Any CPU = Release|Any CPU
	EndGlobalSection
	GlobalSection(ProjectConfigurationPlatforms) = postSolution
		{87B6CF1A-3DBF-4A64-9708-AF0478ADEB94}.Debug|Any CPU.ActiveCfg = Debug|Any CPU
		{87B6CF1A-3DBF-4A64-9708-AF0478ADEB94}.Debug|Any CPU.Build.0 = Debug|Any CPU
		{87B6CF1A-3DBF-4A64-9708-AF0478ADEB94}.Release|Any CPU.ActiveCfg = Release|Any CPU
		{87B6CF1A-3DBF-4A64-9708-AF0478ADEB94}.Release|Any CPU.Build.0 = Release|Any CPU
		{99C7B16B-4791-45A8-BC73-804C22CB2CF2}.Debug|Any CPU.ActiveCfg = Debug|Any CPU
		{99C7B16B-4791-45A8-BC73-804C22CB2CF2}.Debug|Any CPU.Build.0 = Debug|Any CPU
		{99C7B16B-4791-45A8-BC73-804C22CB2CF2}.Release|Any CPU.ActiveCfg = Release|Any CPU
		{99C7B16B-4791-45A8-BC73-804C22CB2CF2}.Release|Any CPU.Build.0 = Release|Any CPU
		{A650FD24-91B7-4B9F-A9B3-63BCCF37CA0A}.Debug|Any CPU.ActiveCfg = Debug|Any CPU
		{A650FD24-91B7-4B9F-A9B3-63BCCF37CA0A}.Debug|Any CPU.Build.0 = Debug|Any CPU
		{A650FD24-91B7-4B9F-A9B3-63BCCF37CA0A}.Release|Any CPU.ActiveCfg = Release|Any CPU
		{A650FD24-91B7-4B9F-A9B3-63BCCF37CA0A}.Release|Any CPU.Build.0 = Release|Any CPU
	EndGlobalSection
	GlobalSection(SolutionProperties) = preSolution
		HideSolutionNode = FALSE
	EndGlobalSection
	GlobalSection(NestedProjects) = preSolution
		{87B6CF1A-3DBF-4A64-9708-AF0478ADEB94} = {4F686170-EA89-4E77-A300-2430338C9B9E}
		{99C7B16B-4791-45A8-BC73-804C22CB2CF2} = {4F686170-EA89-4E77-A300-2430338C9B9E}
		{A650FD24-91B7-4B9F-A9B3-63BCCF37CA0A} = {4F686170-EA89-4E77-A300-2430338C9B9E}
	EndGlobalSection
EndGlobal
